
Microsoft Visual Studio Solution File, Format Version 12.00
# Visual Studio 15
VisualStudioVersion = 15.0.27428.2037
MinimumVisualStudioVersion = 10.0.40219.1
Project("{9A19103F-16F7-4668-BE54-9A1E7A4F7556}") = "SZPNUW.Portal", "SZPNUW.Portal\SZPNUW.Portal.csproj", "{0B662D0C-D741-48A7-8173-BEBDD30E1560}"
EndProject
Project("{E53339B2-1760-4266-BCC7-CA923CBCF16C}") = "docker-compose", "docker-compose.dcproj", "{8DC1CB16-2CBF-4E0B-9EDB-E41BA85FCFED}"
EndProject
Project("{2150E333-8FDC-42A3-9474-1A3956D46DE8}") = "Base", "Base", "{AD76BBE8-EB7E-405D-A674-67657555D8E5}"
EndProject
Project("{FAE04EC0-301F-11D3-BF4B-00C04F79EFBC}") = "SZPNUW.Base", "Base\SZPNUW.Base\SZPNUW.Base.csproj", "{D0B3A280-8D2F-4930-8DB0-270EA0D60349}"
EndProject
Project("{2150E333-8FDC-42A3-9474-1A3956D46DE8}") = "Microservices", "Microservices", "{3A6DFB27-D4B5-491C-8983-5B8EA29C0EF1}"
EndProject
Project("{FAE04EC0-301F-11D3-BF4B-00C04F79EFBC}") = "SZPNUW.WebAPI.Account", "Microservices\SZPNUW.WebAPI.Account\SZPNUW.WebAPI.Account.csproj", "{3EA3D2EA-4072-4944-B455-6EDBBB412E2D}"
EndProject
Project("{2150E333-8FDC-42A3-9474-1A3956D46DE8}") = "SZPNUW", "SZPNUW", "{BCA44F4B-E215-4455-81A1-1A6CED4550BD}"
EndProject
Project("{FAE04EC0-301F-11D3-BF4B-00C04F79EFBC}") = "SZPNUW.DBService", "SZPNUW\SZPNUW.DBService\SZPNUW.DBService.csproj", "{1EEFDF15-12C3-46EF-B148-D530D66A1938}"
EndProject
Global
	GlobalSection(SolutionConfigurationPlatforms) = preSolution
		Debug|Any CPU = Debug|Any CPU
		Release|Any CPU = Release|Any CPU
	EndGlobalSection
	GlobalSection(ProjectConfigurationPlatforms) = postSolution
		{0B662D0C-D741-48A7-8173-BEBDD30E1560}.Debug|Any CPU.ActiveCfg = Debug|Any CPU
		{0B662D0C-D741-48A7-8173-BEBDD30E1560}.Debug|Any CPU.Build.0 = Debug|Any CPU
		{0B662D0C-D741-48A7-8173-BEBDD30E1560}.Release|Any CPU.ActiveCfg = Release|Any CPU
		{0B662D0C-D741-48A7-8173-BEBDD30E1560}.Release|Any CPU.Build.0 = Release|Any CPU
		{8DC1CB16-2CBF-4E0B-9EDB-E41BA85FCFED}.Debug|Any CPU.ActiveCfg = Debug|Any CPU
		{8DC1CB16-2CBF-4E0B-9EDB-E41BA85FCFED}.Debug|Any CPU.Build.0 = Debug|Any CPU
		{8DC1CB16-2CBF-4E0B-9EDB-E41BA85FCFED}.Release|Any CPU.ActiveCfg = Release|Any CPU
		{8DC1CB16-2CBF-4E0B-9EDB-E41BA85FCFED}.Release|Any CPU.Build.0 = Release|Any CPU
		{D0B3A280-8D2F-4930-8DB0-270EA0D60349}.Debug|Any CPU.ActiveCfg = Debug|Any CPU
		{D0B3A280-8D2F-4930-8DB0-270EA0D60349}.Debug|Any CPU.Build.0 = Debug|Any CPU
		{D0B3A280-8D2F-4930-8DB0-270EA0D60349}.Release|Any CPU.ActiveCfg = Release|Any CPU
		{D0B3A280-8D2F-4930-8DB0-270EA0D60349}.Release|Any CPU.Build.0 = Release|Any CPU
		{3EA3D2EA-4072-4944-B455-6EDBBB412E2D}.Debug|Any CPU.ActiveCfg = Debug|Any CPU
		{3EA3D2EA-4072-4944-B455-6EDBBB412E2D}.Debug|Any CPU.Build.0 = Debug|Any CPU
		{3EA3D2EA-4072-4944-B455-6EDBBB412E2D}.Release|Any CPU.ActiveCfg = Release|Any CPU
		{3EA3D2EA-4072-4944-B455-6EDBBB412E2D}.Release|Any CPU.Build.0 = Release|Any CPU
		{1EEFDF15-12C3-46EF-B148-D530D66A1938}.Debug|Any CPU.ActiveCfg = Debug|Any CPU
		{1EEFDF15-12C3-46EF-B148-D530D66A1938}.Debug|Any CPU.Build.0 = Debug|Any CPU
		{1EEFDF15-12C3-46EF-B148-D530D66A1938}.Release|Any CPU.ActiveCfg = Release|Any CPU
		{1EEFDF15-12C3-46EF-B148-D530D66A1938}.Release|Any CPU.Build.0 = Release|Any CPU
	EndGlobalSection
	GlobalSection(SolutionProperties) = preSolution
		HideSolutionNode = FALSE
	EndGlobalSection
	GlobalSection(NestedProjects) = preSolution
		{D0B3A280-8D2F-4930-8DB0-270EA0D60349} = {AD76BBE8-EB7E-405D-A674-67657555D8E5}
		{3EA3D2EA-4072-4944-B455-6EDBBB412E2D} = {3A6DFB27-D4B5-491C-8983-5B8EA29C0EF1}
		{1EEFDF15-12C3-46EF-B148-D530D66A1938} = {BCA44F4B-E215-4455-81A1-1A6CED4550BD}
	EndGlobalSection
	GlobalSection(ExtensibilityGlobals) = postSolution
		SolutionGuid = {34B1F88A-3FB1-492D-A588-204519673E35}
	EndGlobalSection
EndGlobal
